# generated by rye
# use `rye lock` or `rye sync` to update this lockfile
#
# last locked with the following flags:
#   pre: false
#   features: []
#   all-features: false
#   with-sources: false
#   generate-hashes: false
#   universal: false

-e file:.
agogos==0.4
    # via epochalyst
annotated-types==0.7.0
    # via apoch
antlr4-python3-runtime==4.9.3
    # via hydra-core
    # via omegaconf
anyio==4.4.0
    # via httpx
    # via jupyter-server
argon2-cffi==23.1.0
    # via jupyter-server
argon2-cffi-bindings==21.2.0
    # via argon2-cffi
arrow==1.3.0
    # via isoduration
asttokens==2.4.1
    # via stack-data
async-lru==2.0.4
    # via jupyterlab
attrs==23.2.0
    # via jsonschema
    # via referencing
babel==2.15.0
    # via jupyterlab-server
beautifulsoup4==4.12.3
    # via nbconvert
bleach==6.1.0
    # via nbconvert
blinker==1.8.2
    # via flask
certifi==2024.7.4
    # via httpcore
    # via httpx
    # via requests
    # via sentry-sdk
cffi==1.16.0
    # via argon2-cffi-bindings
cfgv==3.4.0
    # via pre-commit
charset-normalizer==3.3.2
    # via requests
click==8.1.7
    # via flask
    # via wandb
coloredlogs==15.0.1
    # via apoch
comm==0.2.2
    # via ipykernel
    # via ipywidgets
contourpy==1.2.1
    # via matplotlib
cycler==0.12.1
    # via matplotlib
dash==2.17.1
    # via apoch
    # via dash-bootstrap-components
    # via dash-bootstrap-templates
dash-bootstrap-components==1.6.0
    # via apoch
    # via dash-bootstrap-templates
dash-bootstrap-templates==1.2.0
    # via apoch
dash-core-components==2.0.0
    # via dash
dash-html-components==2.0.0
    # via dash
dash-table==5.0.0
    # via dash
debugpy==1.8.2
    # via ipykernel
decorator==5.1.1
    # via ipython
defusedxml==0.7.1
    # via nbconvert
distlib==0.3.8
    # via virtualenv
docker-pycreds==0.4.0
    # via wandb
epochalyst==0.3.1
    # via apoch
exceptiongroup==1.2.1
    # via anyio
    # via ipython
executing==2.0.1
    # via stack-data
fastjsonschema==2.20.0
    # via nbformat
filelock==3.15.4
    # via torch
    # via triton
    # via virtualenv
fire==0.6.0
    # via randomname
flask==3.0.3
    # via dash
fonttools==4.53.1
    # via matplotlib
fqdn==1.5.1
    # via jsonschema
fsspec==2024.6.1
    # via torch
gitdb==4.0.11
    # via gitpython
gitpython==3.1.43
    # via wandb
h11==0.14.0
    # via httpcore
httpcore==1.0.5
    # via httpx
httpx==0.27.0
    # via jupyterlab
humanfriendly==10.0
    # via coloredlogs
hydra-core==1.3.2
    # via apoch
identify==2.6.0
    # via pre-commit
idna==3.7
    # via anyio
    # via httpx
    # via jsonschema
    # via requests
importlib-metadata==8.0.0
    # via dash
ipykernel==6.29.5
    # via apoch
    # via jupyter
    # via jupyter-console
    # via jupyterlab
    # via qtconsole
ipython==8.26.0
    # via ipykernel
    # via ipywidgets
    # via jupyter-console
ipywidgets==8.1.3
    # via jupyter
isoduration==20.11.0
    # via jsonschema
itsdangerous==2.2.0
    # via flask
jedi==0.19.1
    # via ipython
jinja2==3.1.4
    # via flask
    # via jupyter-server
    # via jupyterlab
    # via jupyterlab-server
    # via nbconvert
    # via torch
joblib==1.4.2
    # via agogos
json5==0.9.25
    # via jupyterlab-server
jsonpointer==3.0.0
    # via jsonschema
jsonschema==4.22.0
    # via jupyter-events
    # via jupyterlab-server
    # via nbformat
jsonschema-specifications==2023.12.1
    # via jsonschema
jupyter==1.0.0
    # via apoch
jupyter-client==8.6.2
    # via ipykernel
    # via jupyter-console
    # via jupyter-server
    # via nbclient
    # via qtconsole
jupyter-console==6.6.3
    # via jupyter
jupyter-core==5.7.2
    # via ipykernel
    # via jupyter-client
    # via jupyter-console
    # via jupyter-server
    # via jupyterlab
    # via nbclient
    # via nbconvert
    # via nbformat
    # via qtconsole
jupyter-events==0.10.0
    # via jupyter-server
jupyter-lsp==2.2.5
    # via jupyterlab
jupyter-server==2.14.1
    # via jupyter-lsp
    # via jupyterlab
    # via jupyterlab-server
    # via notebook
    # via notebook-shim
jupyter-server-terminals==0.5.3
    # via jupyter-server
jupyterlab==4.2.3
    # via notebook
jupyterlab-pygments==0.3.0
    # via nbconvert
jupyterlab-server==2.27.2
    # via jupyterlab
    # via notebook
jupyterlab-widgets==3.0.11
    # via ipywidgets
kiwisolver==1.4.5
    # via matplotlib
markupsafe==2.1.5
    # via jinja2
    # via nbconvert
    # via werkzeug
matplotlib==3.9.1
    # via apoch
    # via seaborn
matplotlib-inline==0.1.7
    # via ipykernel
    # via ipython
mistune==3.0.2
    # via nbconvert
mpmath==1.3.0
    # via sympy
mypy==1.10.1
    # via apoch
mypy-extensions==1.0.0
    # via mypy
nbclient==0.10.0
    # via nbconvert
nbconvert==7.16.4
    # via jupyter
    # via jupyter-server
nbformat==5.10.4
    # via jupyter-server
    # via nbclient
    # via nbconvert
nest-asyncio==1.6.0
    # via dash
    # via ipykernel
networkx==3.3
    # via torch
nodeenv==1.9.1
    # via pre-commit
notebook==7.2.1
    # via apoch
    # via jupyter
notebook-shim==0.2.4
    # via jupyterlab
    # via notebook
numpy==2.0.0
    # via apoch
    # via contourpy
    # via dash-bootstrap-templates
    # via epochalyst
    # via matplotlib
    # via pandas
    # via pandas-stubs
    # via seaborn
    # via torchvision
nvidia-cublas-cu12==12.1.3.1
    # via nvidia-cudnn-cu12
    # via nvidia-cusolver-cu12
    # via torch
nvidia-cuda-cupti-cu12==12.1.105
    # via torch
nvidia-cuda-nvrtc-cu12==12.1.105
    # via torch
nvidia-cuda-runtime-cu12==12.1.105
    # via torch
nvidia-cudnn-cu12==8.9.2.26
    # via torch
nvidia-cufft-cu12==11.0.2.54
    # via torch
nvidia-curand-cu12==10.3.2.106
    # via torch
nvidia-cusolver-cu12==11.4.5.107
    # via torch
nvidia-cusparse-cu12==12.1.0.106
    # via nvidia-cusolver-cu12
    # via torch
nvidia-nccl-cu12==2.20.5
    # via torch
nvidia-nvjitlink-cu12==12.5.82
    # via nvidia-cusolver-cu12
    # via nvidia-cusparse-cu12
nvidia-nvtx-cu12==12.1.105
    # via torch
omegaconf==2.3.0
    # via hydra-core
overrides==7.7.0
    # via jupyter-server
packaging==24.1
    # via hydra-core
    # via ipykernel
    # via jupyter-server
    # via jupyterlab
    # via jupyterlab-server
    # via matplotlib
    # via nbconvert
    # via plotly
    # via qtconsole
    # via qtpy
pandas==2.2.2
    # via apoch
    # via seaborn
pandas-stubs==2.2.2.240603
    # via apoch
pandocfilters==1.5.1
    # via nbconvert
parso==0.8.4
    # via jedi
pexpect==4.9.0
    # via ipython
pillow==10.4.0
    # via matplotlib
    # via torchvision
platformdirs==4.2.2
    # via jupyter-core
    # via virtualenv
    # via wandb
plotly==5.22.0
    # via apoch
    # via dash
pre-commit==3.7.1
    # via apoch
prometheus-client==0.20.0
    # via jupyter-server
prompt-toolkit==3.0.47
    # via ipython
    # via jupyter-console
protobuf==5.27.2
    # via wandb
psutil==6.0.0
    # via ipykernel
    # via wandb
ptyprocess==0.7.0
    # via pexpect
    # via terminado
pure-eval==0.2.2
    # via stack-data
pycparser==2.22
    # via cffi
pygments==2.18.0
    # via ipython
    # via jupyter-console
    # via nbconvert
    # via qtconsole
pyparsing==3.1.2
    # via matplotlib
python-dateutil==2.9.0.post0
    # via arrow
    # via jupyter-client
    # via matplotlib
    # via pandas
python-json-logger==2.0.7
    # via jupyter-events
pytz==2024.1
    # via pandas
pyyaml==6.0.1
    # via jupyter-events
    # via omegaconf
    # via pre-commit
    # via wandb
pyzmq==26.0.3
    # via ipykernel
    # via jupyter-client
    # via jupyter-console
    # via jupyter-server
    # via qtconsole
qtconsole==5.5.2
    # via jupyter
qtpy==2.4.1
    # via qtconsole
randomname==0.2.1
    # via apoch
referencing==0.35.1
    # via jsonschema
    # via jsonschema-specifications
    # via jupyter-events
requests==2.32.3
    # via dash
    # via jupyterlab-server
    # via wandb
retrying==1.3.4
    # via dash
rfc3339-validator==0.1.4
    # via jsonschema
    # via jupyter-events
rfc3986-validator==0.1.1
    # via jsonschema
    # via jupyter-events
rpds-py==0.19.0
    # via jsonschema
    # via referencing
seaborn==0.13.2
    # via apoch
send2trash==1.8.3
    # via jupyter-server
sentry-sdk==2.8.0
    # via wandb
setproctitle==1.3.3
    # via wandb
setuptools==70.2.0
    # via dash
    # via jupyterlab
    # via wandb
six==1.16.0
    # via asttokens
    # via bleach
    # via docker-pycreds
    # via fire
    # via python-dateutil
    # via retrying
    # via rfc3339-validator
smmap==5.0.1
    # via gitdb
sniffio==1.3.1
    # via anyio
    # via httpx
soupsieve==2.5
    # via beautifulsoup4
stack-data==0.6.3
    # via ipython
sympy==1.12.1
    # via torch
tenacity==8.5.0
    # via plotly
termcolor==2.4.0
    # via fire
terminado==0.18.1
    # via jupyter-server
    # via jupyter-server-terminals
tinycss2==1.3.0
    # via nbconvert
tomli==2.0.1
    # via jupyterlab
    # via mypy
torch==2.3.1
    # via apoch
    # via epochalyst
    # via torchaudio
    # via torchvision
torchaudio==2.3.1
    # via apoch
torchvision==0.18.1
    # via apoch
tornado==6.4.1
    # via ipykernel
    # via jupyter-client
    # via jupyter-server
    # via jupyterlab
    # via notebook
    # via terminado
tqdm==4.66.4
    # via apoch
traitlets==5.14.3
    # via apoch
    # via comm
    # via ipykernel
    # via ipython
    # via ipywidgets
    # via jupyter-client
    # via jupyter-console
    # via jupyter-core
    # via jupyter-events
    # via jupyter-server
    # via jupyterlab
    # via matplotlib-inline
    # via nbclient
    # via nbconvert
    # via nbformat
    # via qtconsole
triton==2.3.1
    # via torch
types-python-dateutil==2.9.0.20240316
    # via arrow
types-pytz==2024.1.0.20240417
    # via pandas-stubs
typing-extensions==4.12.2
    # via anyio
    # via apoch
    # via async-lru
    # via dash
    # via ipython
    # via mypy
    # via torch
tzdata==2024.1
    # via pandas
uri-template==1.3.0
    # via jsonschema
urllib3==2.2.2
    # via requests
    # via sentry-sdk
virtualenv==20.26.3
    # via pre-commit
wandb==0.17.4
    # via apoch
wcwidth==0.2.13
    # via prompt-toolkit
webcolors==24.6.0
    # via jsonschema
webencodings==0.5.1
    # via bleach
    # via tinycss2
websocket-client==1.8.0
    # via jupyter-server
werkzeug==3.0.3
    # via dash
    # via flask
widgetsnbextension==4.0.11
    # via ipywidgets
zipp==3.19.2
    # via importlib-metadata
