# generated by rye
# use `rye lock` or `rye sync` to update this lockfile
#
# last locked with the following flags:
#   pre: false
#   features: []
#   all-features: false
#   with-sources: true

--index-url https://pypi.org/simple/
--find-links https://download.pytorch.org/whl/torch_stable.html

-e file:.
agogos==0.4
    # via epochalyst
annotated-types==0.7.0
    # via apoch
antlr4-python3-runtime==4.9.3
    # via hydra-core
    # via omegaconf
certifi==2024.6.2
    # via requests
    # via sentry-sdk
charset-normalizer==3.3.2
    # via requests
click==8.1.7
    # via wandb
coloredlogs==15.0.1
    # via apoch
contourpy==1.2.1
    # via matplotlib
cycler==0.12.1
    # via matplotlib
docker-pycreds==0.4.0
    # via wandb
epochalyst==0.3.2
    # via apoch
filelock==3.15.4
    # via torch
fire==0.6.0
    # via randomname
fonttools==4.53.0
    # via matplotlib
fsspec==2024.6.0
    # via torch
gitdb==4.0.11
    # via gitpython
gitpython==3.1.43
    # via wandb
humanfriendly==10.0
    # via coloredlogs
hydra-core==1.3.2
    # via apoch
idna==3.7
    # via requests
jinja2==3.1.4
    # via torch
joblib==1.4.2
    # via agogos
kiwisolver==1.4.5
    # via matplotlib
markupsafe==2.1.5
    # via jinja2
matplotlib==3.9.0
    # via apoch
mpmath==1.3.0
    # via sympy
networkx==3.3
    # via torch
numpy==2.0.0
    # via apoch
    # via contourpy
    # via epochalyst
    # via matplotlib
    # via pandas
    # via torchvision
nvidia-cublas-cu12==12.1.3.1
    # via nvidia-cudnn-cu12
    # via nvidia-cusolver-cu12
    # via torch
nvidia-cuda-cupti-cu12==12.1.105
    # via torch
nvidia-cuda-nvrtc-cu12==12.1.105
    # via torch
nvidia-cuda-runtime-cu12==12.1.105
    # via torch
nvidia-cudnn-cu12==8.9.2.26
    # via torch
nvidia-cufft-cu12==11.0.2.54
    # via torch
nvidia-curand-cu12==10.3.2.106
    # via torch
nvidia-cusolver-cu12==11.4.5.107
    # via torch
nvidia-cusparse-cu12==12.1.0.106
    # via nvidia-cusolver-cu12
    # via torch
nvidia-nccl-cu12==2.20.5
    # via torch
nvidia-nvjitlink-cu12==12.5.40
    # via nvidia-cusolver-cu12
    # via nvidia-cusparse-cu12
nvidia-nvtx-cu12==12.1.105
    # via torch
omegaconf==2.3.0
    # via hydra-core
packaging==24.1
    # via hydra-core
    # via matplotlib
    # via plotly
pandas==2.2.2
    # via apoch
pillow==10.3.0
    # via matplotlib
    # via torchvision
platformdirs==4.2.2
    # via wandb
plotly==5.22.0
    # via apoch
protobuf==5.27.2
    # via wandb
psutil==6.0.0
    # via wandb
pyparsing==3.1.2
    # via matplotlib
python-dateutil==2.9.0.post0
    # via matplotlib
    # via pandas
pytz==2024.1
    # via pandas
pyyaml==6.0.1
    # via omegaconf
    # via wandb
randomname==0.2.1
    # via apoch
requests==2.32.3
    # via wandb
sentry-sdk==2.6.0
    # via wandb
setproctitle==1.3.3
    # via wandb
setuptools==70.1.1
    # via wandb
six==1.16.0
    # via docker-pycreds
    # via fire
    # via python-dateutil
smmap==5.0.1
    # via gitdb
sympy==1.12.1
    # via torch
tenacity==8.4.2
    # via plotly
termcolor==2.4.0
    # via fire
torch==2.3.1+cu121
    # via apoch
    # via epochalyst
    # via torchaudio
    # via torchvision
torchaudio==2.3.1+cu121
    # via apoch
torchvision==0.18.1+cu121
    # via apoch
tqdm==4.66.4
    # via apoch
typing-extensions==4.12.2
    # via apoch
    # via torch
tzdata==2024.1
    # via pandas
urllib3==2.2.2
    # via requests
    # via sentry-sdk
wandb==0.17.3
    # via apoch
